// !$*UTF8*$!
{
	archiveVersion = 1;
	classes = {
	};
	objectVersion = 50;
	objects = {

/* Begin PBXBuildFile section */
		DB6C7A0C264064030072873E /* AppDelegate.swift in Sources */ = {isa = PBXBuildFile; fileRef = DB6C7A0B264064030072873E /* AppDelegate.swift */; };
		DB6C7A0E264064030072873E /* SceneDelegate.swift in Sources */ = {isa = PBXBuildFile; fileRef = DB6C7A0D264064030072873E /* SceneDelegate.swift */; };
		DB6C7A10264064030072873E /* ViewController.swift in Sources */ = {isa = PBXBuildFile; fileRef = DB6C7A0F264064030072873E /* ViewController.swift */; };
		DB6C7A13264064030072873E /* Main.storyboard in Resources */ = {isa = PBXBuildFile; fileRef = DB6C7A11264064030072873E /* Main.storyboard */; };
		DB6C7A15264064040072873E /* Assets.xcassets in Resources */ = {isa = PBXBuildFile; fileRef = DB6C7A14264064040072873E /* Assets.xcassets */; };
		DB6C7A18264064040072873E /* LaunchScreen.storyboard in Resources */ = {isa = PBXBuildFile; fileRef = DB6C7A16264064040072873E /* LaunchScreen.storyboard */; };
/* End PBXBuildFile section */

/* Begin PBXFileReference section */
		DB6C7A08264064030072873E /* MVVM-SHA-News-APP.app */ = {isa = PBXFileReference; explicitFileType = wrapper.application; includeInIndex = 0; path = "MVVM-SHA-News-APP.app"; sourceTree = BUILT_PRODUCTS_DIR; };
		DB6C7A0B264064030072873E /* AppDelegate.swift */ = {isa = PBXFileReference; lastKnownFileType = sourcecode.swift; path = AppDelegate.swift; sourceTree = "<group>"; };
		DB6C7A0D264064030072873E /* SceneDelegate.swift */ = {isa = PBXFileReference; lastKnownFileType = sourcecode.swift; path = SceneDelegate.swift; sourceTree = "<group>"; };
		DB6C7A0F264064030072873E /* ViewController.swift */ = {isa = PBXFileReference; lastKnownFileType = sourcecode.swift; path = ViewController.swift; sourceTree = "<group>"; };
		DB6C7A12264064030072873E /* Base */ = {isa = PBXFileReference; lastKnownFileType = file.storyboard; name = Base; path = Base.lproj/Main.storyboard; sourceTree = "<group>"; };
		DB6C7A14264064040072873E /* Assets.xcassets */ = {isa = PBXFileReference; lastKnownFileType = folder.assetcatalog; path = Assets.xcassets; sourceTree = "<group>"; };
		DB6C7A17264064040072873E /* Base */ = {isa = PBXFileReference; lastKnownFileType = file.storyboard; name = Base; path = Base.lproj/LaunchScreen.storyboard; sourceTree = "<group>"; };
		DB6C7A19264064040072873E /* Info.plist */ = {isa = PBXFileReference; lastKnownFileType = text.plist.xml; path = Info.plist; sourceTree = "<group>"; };
/* End PBXFileReference section */

/* Begin PBXFrameworksBuildPhase section */
		DB6C7A05264064030072873E /* Frameworks */ = {
			isa = PBXFrameworksBuildPhase;
			buildActionMask = 2147483647;
			files = (
			);
			runOnlyForDeploymentPostprocessing = 0;
		};
/* End PBXFrameworksBuildPhase section */

/* Begin PBXGroup section */
		DB6C79FF264064030072873E = {
			isa = PBXGroup;
			children = (
				DB6C7A0A264064030072873E /* MVVM-SHA-News-APP */,
				DB6C7A09264064030072873E /* Products */,
			);
			sourceTree = "<group>";
		};
		DB6C7A09264064030072873E /* Products */ = {
			isa = PBXGroup;
			children = (
				DB6C7A08264064030072873E /* MVVM-SHA-News-APP.app */,
			);
			name = Products;
			sourceTree = "<group>";
		};
		DB6C7A0A264064030072873E /* MVVM-SHA-News-APP */ = {
			isa = PBXGroup;
			children = (
				DB6C7A0B264064030072873E /* AppDelegate.swift */,
				DB6C7A0D264064030072873E /* SceneDelegate.swift */,
				DB6C7A0F264064030072873E /* ViewController.swift */,
				DB6C7A11264064030072873E /* Main.storyboard */,
				DB6C7A14264064040072873E /* Assets.xcassets */,
				DB6C7A16264064040072873E /* LaunchScreen.storyboard */,
				DB6C7A19264064040072873E /* Info.plist */,
			);
			path = "MVVM-SHA-News-APP";
			sourceTree = "<group>";
		};
/* End PBXGroup section */

/* Begin PBXNativeTarget section */
		DB6C7A07264064030072873E /* MVVM-SHA-News-APP */ = {
			isa = PBXNativeTarget;
			buildConfigurationList = DB6C7A1C264064040072873E /* Build configuration list for PBXNativeTarget "MVVM-SHA-News-APP" */;
			buildPhases = (
				DB6C7A04264064030072873E /* Sources */,
				DB6C7A05264064030072873E /* Frameworks */,
				DB6C7A06264064030072873E /* Resources */,
			);
			buildRules = (
			);
			dependencies = (
			);
			name = "MVVM-SHA-News-APP";
			productName = "MVVM-SHA-News-APP";
			productReference = DB6C7A08264064030072873E /* MVVM-SHA-News-APP.app */;
			productType = "com.apple.product-type.application";
		};
/* End PBXNativeTarget section */

/* Begin PBXProject section */
		DB6C7A00264064030072873E /* Project object */ = {
			isa = PBXProject;
			attributes = {
				LastSwiftUpdateCheck = 1250;
				LastUpgradeCheck = 1250;
				TargetAttributes = {
					DB6C7A07264064030072873E = {
						CreatedOnToolsVersion = 12.5;
					};
				};
			};
			buildConfigurationList = DB6C7A03264064030072873E /* Build configuration list for PBXProject "MVVM-SHA-News-APP" */;
			compatibilityVersion = "Xcode 9.3";
			developmentRegion = en;
			hasScannedForEncodings = 0;
			knownRegions = (
				en,
				Base,
			);
			mainGroup = DB6C79FF264064030072873E;
			productRefGroup = DB6C7A09264064030072873E /* Products */;
			projectDirPath = "";
			projectRoot = "";
			targets = (
				DB6C7A07264064030072873E /* MVVM-SHA-News-APP */,
			);
		};
/* End PBXProject section */

/* Begin PBXResourcesBuildPhase section */
		DB6C7A06264064030072873E /* Resources */ = {
			isa = PBXResourcesBuildPhase;
			buildActionMask = 2147483647;
			files = (
				DB6C7A18264064040072873E /* LaunchScreen.storyboard in Resources */,
				DB6C7A15264064040072873E /* Assets.xcassets in Resources */,
				DB6C7A13264064030072873E /* Main.storyboard in Resources */,
			);
			runOnlyForDeploymentPostprocessing = 0;
		};
/* End PBXResourcesBuildPhase section */

/* Begin PBXSourcesBuildPhase section */
		DB6C7A04264064030072873E /* Sources */ = {
			isa = PBXSourcesBuildPhase;
			buildActionMask = 2147483647;
			files = (
				DB6C7A10264064030072873E /* ViewController.swift in Sources */,
				DB6C7A0C264064030072873E /* AppDelegate.swift in Sources */,
				DB6C7A0E264064030072873E /* SceneDelegate.swift in Sources */,
			);
			runOnlyForDeploymentPostprocessing = 0;
		};
/* End PBXSourcesBuildPhase section */

/* Begin PBXVariantGroup section */
		DB6C7A11264064030072873E /* Main.storyboard */ = {
			isa = PBXVariantGroup;
			children = (
				DB6C7A12264064030072873E /* Base */,
			);
			name = Main.storyboard;
			sourceTree = "<group>";
		};
		DB6C7A16264064040072873E /* LaunchScreen.storyboard */ = {
			isa = PBXVariantGroup;
			children = (
				DB6C7A17264064040072873E /* Base */,
			);
			name = LaunchScreen.storyboard;
			sourceTree = "<group>";
		};
/* End PBXVariantGroup section */

/* Begin XCBuildConfiguration section */
		DB6C7A1A264064040072873E /* Debug */ = {
			isa = XCBuildConfiguration;
			buildSettings = {
				ALWAYS_SEARCH_USER_PATHS = NO;
				CLANG_ANALYZER_NONNULL = YES;
				CLANG_ANALYZER_NUMBER_OBJECT_CONVERSION = YES_AGGRESSIVE;
				CLANG_CXX_LANGUAGE_STANDARD = "gnu++14";
				CLANG_CXX_LIBRARY = "libc++";
				CLANG_ENABLE_MODULES = YES;
				CLANG_ENABLE_OBJC_ARC = YES;
				CLANG_ENABLE_OBJC_WEAK = YES;
				CLANG_WARN_BLOCK_CAPTURE_AUTORELEASING = YES;
				CLANG_WARN_BOOL_CONVERSION = YES;
				CLANG_WARN_COMMA = YES;
				CLANG_WARN_CONSTANT_CONVERSION = YES;
				CLANG_WARN_DEPRECATED_OBJC_IMPLEMENTATIONS = YES;
				CLANG_WARN_DIRECT_OBJC_ISA_USAGE = YES_ERROR;
				CLANG_WARN_DOCUMENTATION_COMMENTS = YES;
				CLANG_WARN_EMPTY_BODY = YES;
				CLANG_WARN_ENUM_CONVERSION = YES;
				CLANG_WARN_INFINITE_RECURSION = YES;
				CLANG_WARN_INT_CONVERSION = YES;
				CLANG_WARN_NON_LITERAL_NULL_CONVERSION = YES;
				CLANG_WARN_OBJC_IMPLICIT_RETAIN_SELF = YES;
				CLANG_WARN_OBJC_LITERAL_CONVERSION = YES;
				CLANG_WARN_OBJC_ROOT_CLASS = YES_ERROR;
				CLANG_WARN_QUOTED_INCLUDE_IN_FRAMEWORK_HEADER = YES;
				CLANG_WARN_RANGE_LOOP_ANALYSIS = YES;
				CLANG_WARN_STRICT_PROTOTYPES = YES;
				CLANG_WARN_SUSPICIOUS_MOVE = YES;
				CLANG_WARN_UNGUARDED_AVAILABILITY = YES_AGGRESSIVE;
				CLANG_WARN_UNREACHABLE_CODE = YES;
				CLANG_WARN__DUPLICATE_METHOD_MATCH = YES;
				COPY_PHASE_STRIP = NO;
				DEBUG_INFORMATION_FORMAT = dwarf;
				ENABLE_STRICT_OBJC_MSGSEND = YES;
				ENABLE_TESTABILITY = YES;
				GCC_C_LANGUAGE_STANDARD = gnu11;
				GCC_DYNAMIC_NO_PIC = NO;
				GCC_NO_COMMON_BLOCKS = YES;
				GCC_OPTIMIZATION_LEVEL = 0;
				GCC_PREPROCESSOR_DEFINITIONS = (
					"DEBUG=1",
					"$(inherited)",
				);
				GCC_WARN_64_TO_32_BIT_CONVERSION = YES;
				GCC_WARN_ABOUT_RETURN_TYPE = YES_ERROR;
				GCC_WARN_UNDECLARED_SELECTOR = YES;
				GCC_WARN_UNINITIALIZED_AUTOS = YES_AGGRESSIVE;
				GCC_WARN_UNUSED_FUNCTION = YES;
				GCC_WARN_UNUSED_VARIABLE = YES;
				IPHONEOS_DEPLOYMENT_TARGET = 14.5;
				MTL_ENABLE_DEBUG_INFO = INCLUDE_SOURCE;
				MTL_FAST_MATH = YES;
				ONLY_ACTIVE_ARCH = YES;
				SDKROOT = iphoneos;
				SWIFT_ACTIVE_COMPILATION_CONDITIONS = DEBUG;
				SWIFT_OPTIMIZATION_LEVEL = "-Onone";
			};
			name = Debug;
		};
		DB6C7A1B264064040072873E /* Release */ = {
			isa = XCBuildConfiguration;
			buildSettings = {
				ALWAYS_SEARCH_USER_PATHS = NO;
				CLANG_ANALYZER_NONNULL = YES;
				CLANG_ANALYZER_NUMBER_OBJECT_CONVERSION = YES_AGGRESSIVE;
				CLANG_CXX_LANGUAGE_STANDARD = "gnu++14";
				CLANG_CXX_LIBRARY = "libc++";
				CLANG_ENABLE_MODULES = YES;
				CLANG_ENABLE_OBJC_ARC = YES;
				CLANG_ENABLE_OBJC_WEAK = YES;
				CLANG_WARN_BLOCK_CAPTURE_AUTORELEASING = YES;
				CLANG_WARN_BOOL_CONVERSION = YES;
				CLANG_WARN_COMMA = YES;
				CLANG_WARN_CONSTANT_CONVERSION = YES;
				CLANG_WARN_DEPRECATED_OBJC_IMPLEMENTATIONS = YES;
				CLANG_WARN_DIRECT_OBJC_ISA_USAGE = YES_ERROR;
				CLANG_WARN_DOCUMENTATION_COMMENTS = YES;
				CLANG_WARN_EMPTY_BODY = YES;
				CLANG_WARN_ENUM_CONVERSION = YES;
				CLANG_WARN_INFINITE_RECURSION = YES;
				CLANG_WARN_INT_CONVERSION = YES;
				CLANG_WARN_NON_LITERAL_NULL_CONVERSION = YES;
				CLANG_WARN_OBJC_IMPLICIT_RETAIN_SELF = YES;
				CLANG_WARN_OBJC_LITERAL_CONVERSION = YES;
				CLANG_WARN_OBJC_ROOT_CLASS = YES_ERROR;
				CLANG_WARN_QUOTED_INCLUDE_IN_FRAMEWORK_HEADER = YES;
				CLANG_WARN_RANGE_LOOP_ANALYSIS = YES;
				CLANG_WARN_STRICT_PROTOTYPES = YES;
				CLANG_WARN_SUSPICIOUS_MOVE = YES;
				CLANG_WARN_UNGUARDED_AVAILABILITY = YES_AGGRESSIVE;
				CLANG_WARN_UNREACHABLE_CODE = YES;
				CLANG_WARN__DUPLICATE_METHOD_MATCH = YES;
				COPY_PHASE_STRIP = NO;
				DEBUG_INFORMATION_FORMAT = "dwarf-with-dsym";
				ENABLE_NS_ASSERTIONS = NO;
				ENABLE_STRICT_OBJC_MSGSEND = YES;
				GCC_C_LANGUAGE_STANDARD = gnu11;
				GCC_NO_COMMON_BLOCKS = YES;
				GCC_WARN_64_TO_32_BIT_CONVERSION = YES;
				GCC_WARN_ABOUT_RETURN_TYPE = YES_ERROR;
				GCC_WARN_UNDECLARED_SELECTOR = YES;
				GCC_WARN_UNINITIALIZED_AUTOS = YES_AGGRESSIVE;
				GCC_WARN_UNUSED_FUNCTION = YES;
				GCC_WARN_UNUSED_VARIABLE = YES;
				IPHONEOS_DEPLOYMENT_TARGET = 14.5;
				MTL_ENABLE_DEBUG_INFO = NO;
				MTL_FAST_MATH = YES;
				SDKROOT = iphoneos;
				SWIFT_COMPILATION_MODE = wholemodule;
				SWIFT_OPTIMIZATION_LEVEL = "-O";
				VALIDATE_PRODUCT = YES;
			};
			name = Release;
		};
		DB6C7A1D264064040072873E /* Debug */ = {
			isa = XCBuildConfiguration;
			buildSettings = {
				ASSETCATALOG_COMPILER_APPICON_NAME = AppIcon;
				ASSETCATALOG_COMPILER_GLOBAL_ACCENT_COLOR_NAME = AccentColor;
				CODE_SIGN_STYLE = Automatic;
				DEVELOPMENT_TEAM = 4RY75X5YM8;
				INFOPLIST_FILE = "MVVM-SHA-News-APP/Info.plist";
				LD_RUNPATH_SEARCH_PATHS = (
					"$(inherited)",
					"@executable_path/Frameworks",
				);
				PRODUCT_BUNDLE_IDENTIFIER = "co.akchan.MVVM-SHA-News-APP";
				PRODUCT_NAME = "$(TARGET_NAME)";
				SWIFT_VERSION = 5.0;
				TARGETED_DEVICE_FAMILY = "1,2";
			};
			name = Debug;
		};
		DB6C7A1E264064040072873E /* Release */ = {
			isa = XCBuildConfiguration;
			buildSettings = {
				ASSETCATALOG_COMPILER_APPICON_NAME = AppIcon;
				ASSETCATALOG_COMPILER_GLOBAL_ACCENT_COLOR_NAME = AccentColor;
				CODE_SIGN_STYLE = Automatic;
				DEVELOPMENT_TEAM = 4RY75X5YM8;
				INFOPLIST_FILE = "MVVM-SHA-News-APP/Info.plist";
				LD_RUNPATH_SEARCH_PATHS = (
					"$(inherited)",
					"@executable_path/Frameworks",
				);
				PRODUCT_BUNDLE_IDENTIFIER = "co.akchan.MVVM-SHA-News-APP";
				PRODUCT_NAME = "$(TARGET_NAME)";
				SWIFT_VERSION = 5.0;
				TARGETED_DEVICE_FAMILY = "1,2";
			};
			name = Release;
		};
/* End XCBuildConfiguration section */

/* Begin XCConfigurationList section */
		DB6C7A03264064030072873E /* Build configuration list for PBXProject "MVVM-SHA-News-APP" */ = {
			isa = XCConfigurationList;
			buildConfigurations = (
				DB6C7A1A264064040072873E /* Debug */,
				DB6C7A1B264064040072873E /* Release */,
			);
			defaultConfigurationIsVisible = 0;
			defaultConfigurationName = Release;
		};
		DB6C7A1C264064040072873E /* Build configuration list for PBXNativeTarget "MVVM-SHA-News-APP" */ = {
			isa = XCConfigurationList;
			buildConfigurations = (
				DB6C7A1D264064040072873E /* Debug */,
				DB6C7A1E264064040072873E /* Release */,
			);
			defaultConfigurationIsVisible = 0;
			defaultConfigurationName = Release;
		};
/* End XCConfigurationList section */
	};
	rootObject = DB6C7A00264064030072873E /* Project object */;
}
