// !$*UTF8*$!
{
	archiveVersion = 1;
	classes = {
	};
	objectVersion = 50;
	objects = {

/* Begin PBXBuildFile section */
		DB918BA52652BBF20099D5D2 /* ShaNews_AppApp.swift in Sources */ = {isa = PBXBuildFile; fileRef = DB918BA42652BBF20099D5D2 /* ShaNews_AppApp.swift */; };
		DB918BA72652BBF20099D5D2 /* ContentView.swift in Sources */ = {isa = PBXBuildFile; fileRef = DB918BA62652BBF20099D5D2 /* ContentView.swift */; };
		DB918BA92652BBF40099D5D2 /* Assets.xcassets in Resources */ = {isa = PBXBuildFile; fileRef = DB918BA82652BBF40099D5D2 /* Assets.xcassets */; };
		DB918BAC2652BBF40099D5D2 /* Preview Assets.xcassets in Resources */ = {isa = PBXBuildFile; fileRef = DB918BAB2652BBF40099D5D2 /* Preview Assets.xcassets */; };
		DB918BB52652DD210099D5D2 /* NewsModel.swift in Sources */ = {isa = PBXBuildFile; fileRef = DB918BB42652DD210099D5D2 /* NewsModel.swift */; };
		DB918BB92652DF650099D5D2 /* NewsWebService.swift in Sources */ = {isa = PBXBuildFile; fileRef = DB918BB82652DF650099D5D2 /* NewsWebService.swift */; };
		DB918BBC2652E3540099D5D2 /* NewsListViewModel.swift in Sources */ = {isa = PBXBuildFile; fileRef = DB918BBB2652E3540099D5D2 /* NewsListViewModel.swift */; };
		DB918BBE2652FE750099D5D2 /* README.md in Resources */ = {isa = PBXBuildFile; fileRef = DB918BBD2652FE750099D5D2 /* README.md */; };
/* End PBXBuildFile section */

/* Begin PBXFileReference section */
		DB918BA12652BBF20099D5D2 /* ShaNews-App.app */ = {isa = PBXFileReference; explicitFileType = wrapper.application; includeInIndex = 0; path = "ShaNews-App.app"; sourceTree = BUILT_PRODUCTS_DIR; };
		DB918BA42652BBF20099D5D2 /* ShaNews_AppApp.swift */ = {isa = PBXFileReference; lastKnownFileType = sourcecode.swift; path = ShaNews_AppApp.swift; sourceTree = "<group>"; };
		DB918BA62652BBF20099D5D2 /* ContentView.swift */ = {isa = PBXFileReference; lastKnownFileType = sourcecode.swift; path = ContentView.swift; sourceTree = "<group>"; };
		DB918BA82652BBF40099D5D2 /* Assets.xcassets */ = {isa = PBXFileReference; lastKnownFileType = folder.assetcatalog; path = Assets.xcassets; sourceTree = "<group>"; };
		DB918BAB2652BBF40099D5D2 /* Preview Assets.xcassets */ = {isa = PBXFileReference; lastKnownFileType = folder.assetcatalog; path = "Preview Assets.xcassets"; sourceTree = "<group>"; };
		DB918BAD2652BBF40099D5D2 /* Info.plist */ = {isa = PBXFileReference; lastKnownFileType = text.plist.xml; path = Info.plist; sourceTree = "<group>"; };
		DB918BB42652DD210099D5D2 /* NewsModel.swift */ = {isa = PBXFileReference; lastKnownFileType = sourcecode.swift; path = NewsModel.swift; sourceTree = "<group>"; };
		DB918BB82652DF650099D5D2 /* NewsWebService.swift */ = {isa = PBXFileReference; lastKnownFileType = sourcecode.swift; path = NewsWebService.swift; sourceTree = "<group>"; };
		DB918BBB2652E3540099D5D2 /* NewsListViewModel.swift */ = {isa = PBXFileReference; lastKnownFileType = sourcecode.swift; path = NewsListViewModel.swift; sourceTree = "<group>"; };
		DB918BBD2652FE750099D5D2 /* README.md */ = {isa = PBXFileReference; fileEncoding = 4; lastKnownFileType = net.daringfireball.markdown; path = README.md; sourceTree = "<group>"; };
/* End PBXFileReference section */

/* Begin PBXFrameworksBuildPhase section */
		DB918B9E2652BBF20099D5D2 /* Frameworks */ = {
			isa = PBXFrameworksBuildPhase;
			buildActionMask = 2147483647;
			files = (
			);
			runOnlyForDeploymentPostprocessing = 0;
		};
/* End PBXFrameworksBuildPhase section */

/* Begin PBXGroup section */
		DB918B982652BBF20099D5D2 = {
			isa = PBXGroup;
			children = (
				DB918BBD2652FE750099D5D2 /* README.md */,
				DB918BA32652BBF20099D5D2 /* ShaNews-App */,
				DB918BA22652BBF20099D5D2 /* Products */,
			);
			sourceTree = "<group>";
		};
		DB918BA22652BBF20099D5D2 /* Products */ = {
			isa = PBXGroup;
			children = (
				DB918BA12652BBF20099D5D2 /* ShaNews-App.app */,
			);
			name = Products;
			sourceTree = "<group>";
		};
		DB918BA32652BBF20099D5D2 /* ShaNews-App */ = {
			isa = PBXGroup;
			children = (
				DB918BA42652BBF20099D5D2 /* ShaNews_AppApp.swift */,
				DB918BB72652DF1A0099D5D2 /* Web Services */,
				DB918BB62652DF090099D5D2 /* Models */,
				DB918BBA2652E3040099D5D2 /* View Models */,
				DB918BB32652DBC00099D5D2 /* Views */,
				DB918BA82652BBF40099D5D2 /* Assets.xcassets */,
				DB918BAD2652BBF40099D5D2 /* Info.plist */,
				DB918BAA2652BBF40099D5D2 /* Preview Content */,
			);
			path = "ShaNews-App";
			sourceTree = "<group>";
		};
		DB918BAA2652BBF40099D5D2 /* Preview Content */ = {
			isa = PBXGroup;
			children = (
				DB918BAB2652BBF40099D5D2 /* Preview Assets.xcassets */,
			);
			path = "Preview Content";
			sourceTree = "<group>";
		};
		DB918BB32652DBC00099D5D2 /* Views */ = {
			isa = PBXGroup;
			children = (
				DB918BA62652BBF20099D5D2 /* ContentView.swift */,
			);
			path = Views;
			sourceTree = "<group>";
		};
		DB918BB62652DF090099D5D2 /* Models */ = {
			isa = PBXGroup;
			children = (
				DB918BB42652DD210099D5D2 /* NewsModel.swift */,
			);
			path = Models;
			sourceTree = "<group>";
		};
		DB918BB72652DF1A0099D5D2 /* Web Services */ = {
			isa = PBXGroup;
			children = (
				DB918BB82652DF650099D5D2 /* NewsWebService.swift */,
			);
			path = "Web Services";
			sourceTree = "<group>";
		};
		DB918BBA2652E3040099D5D2 /* View Models */ = {
			isa = PBXGroup;
			children = (
				DB918BBB2652E3540099D5D2 /* NewsListViewModel.swift */,
			);
			path = "View Models";
			sourceTree = "<group>";
		};
/* End PBXGroup section */

/* Begin PBXNativeTarget section */
		DB918BA02652BBF20099D5D2 /* ShaNews-App */ = {
			isa = PBXNativeTarget;
			buildConfigurationList = DB918BB02652BBF40099D5D2 /* Build configuration list for PBXNativeTarget "ShaNews-App" */;
			buildPhases = (
				DB918B9D2652BBF20099D5D2 /* Sources */,
				DB918B9E2652BBF20099D5D2 /* Frameworks */,
				DB918B9F2652BBF20099D5D2 /* Resources */,
			);
			buildRules = (
			);
			dependencies = (
			);
			name = "ShaNews-App";
			productName = "ShaNews-App";
			productReference = DB918BA12652BBF20099D5D2 /* ShaNews-App.app */;
			productType = "com.apple.product-type.application";
		};
/* End PBXNativeTarget section */

/* Begin PBXProject section */
		DB918B992652BBF20099D5D2 /* Project object */ = {
			isa = PBXProject;
			attributes = {
				LastSwiftUpdateCheck = 1250;
				LastUpgradeCheck = 1250;
				TargetAttributes = {
					DB918BA02652BBF20099D5D2 = {
						CreatedOnToolsVersion = 12.5;
					};
				};
			};
			buildConfigurationList = DB918B9C2652BBF20099D5D2 /* Build configuration list for PBXProject "ShaNews-App" */;
			compatibilityVersion = "Xcode 9.3";
			developmentRegion = en;
			hasScannedForEncodings = 0;
			knownRegions = (
				en,
				Base,
			);
			mainGroup = DB918B982652BBF20099D5D2;
			productRefGroup = DB918BA22652BBF20099D5D2 /* Products */;
			projectDirPath = "";
			projectRoot = "";
			targets = (
				DB918BA02652BBF20099D5D2 /* ShaNews-App */,
			);
		};
/* End PBXProject section */

/* Begin PBXResourcesBuildPhase section */
		DB918B9F2652BBF20099D5D2 /* Resources */ = {
			isa = PBXResourcesBuildPhase;
			buildActionMask = 2147483647;
			files = (
				DB918BBE2652FE750099D5D2 /* README.md in Resources */,
				DB918BAC2652BBF40099D5D2 /* Preview Assets.xcassets in Resources */,
				DB918BA92652BBF40099D5D2 /* Assets.xcassets in Resources */,
			);
			runOnlyForDeploymentPostprocessing = 0;
		};
/* End PBXResourcesBuildPhase section */

/* Begin PBXSourcesBuildPhase section */
		DB918B9D2652BBF20099D5D2 /* Sources */ = {
			isa = PBXSourcesBuildPhase;
			buildActionMask = 2147483647;
			files = (
				DB918BA72652BBF20099D5D2 /* ContentView.swift in Sources */,
				DB918BA52652BBF20099D5D2 /* ShaNews_AppApp.swift in Sources */,
				DB918BBC2652E3540099D5D2 /* NewsListViewModel.swift in Sources */,
				DB918BB52652DD210099D5D2 /* NewsModel.swift in Sources */,
				DB918BB92652DF650099D5D2 /* NewsWebService.swift in Sources */,
			);
			runOnlyForDeploymentPostprocessing = 0;
		};
/* End PBXSourcesBuildPhase section */

/* Begin XCBuildConfiguration section */
		DB918BAE2652BBF40099D5D2 /* Debug */ = {
			isa = XCBuildConfiguration;
			buildSettings = {
				ALWAYS_SEARCH_USER_PATHS = NO;
				CLANG_ANALYZER_NONNULL = YES;
				CLANG_ANALYZER_NUMBER_OBJECT_CONVERSION = YES_AGGRESSIVE;
				CLANG_CXX_LANGUAGE_STANDARD = "gnu++14";
				CLANG_CXX_LIBRARY = "libc++";
				CLANG_ENABLE_MODULES = YES;
				CLANG_ENABLE_OBJC_ARC = YES;
				CLANG_ENABLE_OBJC_WEAK = YES;
				CLANG_WARN_BLOCK_CAPTURE_AUTORELEASING = YES;
				CLANG_WARN_BOOL_CONVERSION = YES;
				CLANG_WARN_COMMA = YES;
				CLANG_WARN_CONSTANT_CONVERSION = YES;
				CLANG_WARN_DEPRECATED_OBJC_IMPLEMENTATIONS = YES;
				CLANG_WARN_DIRECT_OBJC_ISA_USAGE = YES_ERROR;
				CLANG_WARN_DOCUMENTATION_COMMENTS = YES;
				CLANG_WARN_EMPTY_BODY = YES;
				CLANG_WARN_ENUM_CONVERSION = YES;
				CLANG_WARN_INFINITE_RECURSION = YES;
				CLANG_WARN_INT_CONVERSION = YES;
				CLANG_WARN_NON_LITERAL_NULL_CONVERSION = YES;
				CLANG_WARN_OBJC_IMPLICIT_RETAIN_SELF = YES;
				CLANG_WARN_OBJC_LITERAL_CONVERSION = YES;
				CLANG_WARN_OBJC_ROOT_CLASS = YES_ERROR;
				CLANG_WARN_QUOTED_INCLUDE_IN_FRAMEWORK_HEADER = YES;
				CLANG_WARN_RANGE_LOOP_ANALYSIS = YES;
				CLANG_WARN_STRICT_PROTOTYPES = YES;
				CLANG_WARN_SUSPICIOUS_MOVE = YES;
				CLANG_WARN_UNGUARDED_AVAILABILITY = YES_AGGRESSIVE;
				CLANG_WARN_UNREACHABLE_CODE = YES;
				CLANG_WARN__DUPLICATE_METHOD_MATCH = YES;
				COPY_PHASE_STRIP = NO;
				DEBUG_INFORMATION_FORMAT = dwarf;
				ENABLE_STRICT_OBJC_MSGSEND = YES;
				ENABLE_TESTABILITY = YES;
				GCC_C_LANGUAGE_STANDARD = gnu11;
				GCC_DYNAMIC_NO_PIC = NO;
				GCC_NO_COMMON_BLOCKS = YES;
				GCC_OPTIMIZATION_LEVEL = 0;
				GCC_PREPROCESSOR_DEFINITIONS = (
					"DEBUG=1",
					"$(inherited)",
				);
				GCC_WARN_64_TO_32_BIT_CONVERSION = YES;
				GCC_WARN_ABOUT_RETURN_TYPE = YES_ERROR;
				GCC_WARN_UNDECLARED_SELECTOR = YES;
				GCC_WARN_UNINITIALIZED_AUTOS = YES_AGGRESSIVE;
				GCC_WARN_UNUSED_FUNCTION = YES;
				GCC_WARN_UNUSED_VARIABLE = YES;
				IPHONEOS_DEPLOYMENT_TARGET = 14.5;
				MTL_ENABLE_DEBUG_INFO = INCLUDE_SOURCE;
				MTL_FAST_MATH = YES;
				ONLY_ACTIVE_ARCH = YES;
				SDKROOT = iphoneos;
				SWIFT_ACTIVE_COMPILATION_CONDITIONS = DEBUG;
				SWIFT_OPTIMIZATION_LEVEL = "-Onone";
			};
			name = Debug;
		};
		DB918BAF2652BBF40099D5D2 /* Release */ = {
			isa = XCBuildConfiguration;
			buildSettings = {
				ALWAYS_SEARCH_USER_PATHS = NO;
				CLANG_ANALYZER_NONNULL = YES;
				CLANG_ANALYZER_NUMBER_OBJECT_CONVERSION = YES_AGGRESSIVE;
				CLANG_CXX_LANGUAGE_STANDARD = "gnu++14";
				CLANG_CXX_LIBRARY = "libc++";
				CLANG_ENABLE_MODULES = YES;
				CLANG_ENABLE_OBJC_ARC = YES;
				CLANG_ENABLE_OBJC_WEAK = YES;
				CLANG_WARN_BLOCK_CAPTURE_AUTORELEASING = YES;
				CLANG_WARN_BOOL_CONVERSION = YES;
				CLANG_WARN_COMMA = YES;
				CLANG_WARN_CONSTANT_CONVERSION = YES;
				CLANG_WARN_DEPRECATED_OBJC_IMPLEMENTATIONS = YES;
				CLANG_WARN_DIRECT_OBJC_ISA_USAGE = YES_ERROR;
				CLANG_WARN_DOCUMENTATION_COMMENTS = YES;
				CLANG_WARN_EMPTY_BODY = YES;
				CLANG_WARN_ENUM_CONVERSION = YES;
				CLANG_WARN_INFINITE_RECURSION = YES;
				CLANG_WARN_INT_CONVERSION = YES;
				CLANG_WARN_NON_LITERAL_NULL_CONVERSION = YES;
				CLANG_WARN_OBJC_IMPLICIT_RETAIN_SELF = YES;
				CLANG_WARN_OBJC_LITERAL_CONVERSION = YES;
				CLANG_WARN_OBJC_ROOT_CLASS = YES_ERROR;
				CLANG_WARN_QUOTED_INCLUDE_IN_FRAMEWORK_HEADER = YES;
				CLANG_WARN_RANGE_LOOP_ANALYSIS = YES;
				CLANG_WARN_STRICT_PROTOTYPES = YES;
				CLANG_WARN_SUSPICIOUS_MOVE = YES;
				CLANG_WARN_UNGUARDED_AVAILABILITY = YES_AGGRESSIVE;
				CLANG_WARN_UNREACHABLE_CODE = YES;
				CLANG_WARN__DUPLICATE_METHOD_MATCH = YES;
				COPY_PHASE_STRIP = NO;
				DEBUG_INFORMATION_FORMAT = "dwarf-with-dsym";
				ENABLE_NS_ASSERTIONS = NO;
				ENABLE_STRICT_OBJC_MSGSEND = YES;
				GCC_C_LANGUAGE_STANDARD = gnu11;
				GCC_NO_COMMON_BLOCKS = YES;
				GCC_WARN_64_TO_32_BIT_CONVERSION = YES;
				GCC_WARN_ABOUT_RETURN_TYPE = YES_ERROR;
				GCC_WARN_UNDECLARED_SELECTOR = YES;
				GCC_WARN_UNINITIALIZED_AUTOS = YES_AGGRESSIVE;
				GCC_WARN_UNUSED_FUNCTION = YES;
				GCC_WARN_UNUSED_VARIABLE = YES;
				IPHONEOS_DEPLOYMENT_TARGET = 14.5;
				MTL_ENABLE_DEBUG_INFO = NO;
				MTL_FAST_MATH = YES;
				SDKROOT = iphoneos;
				SWIFT_COMPILATION_MODE = wholemodule;
				SWIFT_OPTIMIZATION_LEVEL = "-O";
				VALIDATE_PRODUCT = YES;
			};
			name = Release;
		};
		DB918BB12652BBF40099D5D2 /* Debug */ = {
			isa = XCBuildConfiguration;
			buildSettings = {
				ASSETCATALOG_COMPILER_APPICON_NAME = AppIcon;
				ASSETCATALOG_COMPILER_GLOBAL_ACCENT_COLOR_NAME = AccentColor;
				CODE_SIGN_STYLE = Automatic;
				DEVELOPMENT_ASSET_PATHS = "\"ShaNews-App/Preview Content\"";
				DEVELOPMENT_TEAM = 4RY75X5YM8;
				ENABLE_PREVIEWS = YES;
				INFOPLIST_FILE = "ShaNews-App/Info.plist";
				IPHONEOS_DEPLOYMENT_TARGET = 14.0;
				LD_RUNPATH_SEARCH_PATHS = (
					"$(inherited)",
					"@executable_path/Frameworks",
				);
				PRODUCT_BUNDLE_IDENTIFIER = "co.akchan.ShaNews-App";
				PRODUCT_NAME = "$(TARGET_NAME)";
				SWIFT_VERSION = 5.0;
				TARGETED_DEVICE_FAMILY = "1,2";
			};
			name = Debug;
		};
		DB918BB22652BBF40099D5D2 /* Release */ = {
			isa = XCBuildConfiguration;
			buildSettings = {
				ASSETCATALOG_COMPILER_APPICON_NAME = AppIcon;
				ASSETCATALOG_COMPILER_GLOBAL_ACCENT_COLOR_NAME = AccentColor;
				CODE_SIGN_STYLE = Automatic;
				DEVELOPMENT_ASSET_PATHS = "\"ShaNews-App/Preview Content\"";
				DEVELOPMENT_TEAM = 4RY75X5YM8;
				ENABLE_PREVIEWS = YES;
				INFOPLIST_FILE = "ShaNews-App/Info.plist";
				IPHONEOS_DEPLOYMENT_TARGET = 14.0;
				LD_RUNPATH_SEARCH_PATHS = (
					"$(inherited)",
					"@executable_path/Frameworks",
				);
				PRODUCT_BUNDLE_IDENTIFIER = "co.akchan.ShaNews-App";
				PRODUCT_NAME = "$(TARGET_NAME)";
				SWIFT_VERSION = 5.0;
				TARGETED_DEVICE_FAMILY = "1,2";
			};
			name = Release;
		};
/* End XCBuildConfiguration section */

/* Begin XCConfigurationList section */
		DB918B9C2652BBF20099D5D2 /* Build configuration list for PBXProject "ShaNews-App" */ = {
			isa = XCConfigurationList;
			buildConfigurations = (
				DB918BAE2652BBF40099D5D2 /* Debug */,
				DB918BAF2652BBF40099D5D2 /* Release */,
			);
			defaultConfigurationIsVisible = 0;
			defaultConfigurationName = Release;
		};
		DB918BB02652BBF40099D5D2 /* Build configuration list for PBXNativeTarget "ShaNews-App" */ = {
			isa = XCConfigurationList;
			buildConfigurations = (
				DB918BB12652BBF40099D5D2 /* Debug */,
				DB918BB22652BBF40099D5D2 /* Release */,
			);
			defaultConfigurationIsVisible = 0;
			defaultConfigurationName = Release;
		};
/* End XCConfigurationList section */
	};
	rootObject = DB918B992652BBF20099D5D2 /* Project object */;
}
