// !$*UTF8*$!
{
	archiveVersion = 1;
	classes = {
	};
	objectVersion = 50;
	objects = {

/* Begin PBXBuildFile section */
		DBA36AE426243C51003E3781 /* AppDelegate.swift in Sources */ = {isa = PBXBuildFile; fileRef = DBA36AE326243C51003E3781 /* AppDelegate.swift */; };
		DBA36AE626243C51003E3781 /* SceneDelegate.swift in Sources */ = {isa = PBXBuildFile; fileRef = DBA36AE526243C51003E3781 /* SceneDelegate.swift */; };
		DBA36AEB26243C51003E3781 /* Main.storyboard in Resources */ = {isa = PBXBuildFile; fileRef = DBA36AE926243C51003E3781 /* Main.storyboard */; };
		DBA36AEE26243C51003E3781 /* Sha_Todo_List.xcdatamodeld in Sources */ = {isa = PBXBuildFile; fileRef = DBA36AEC26243C51003E3781 /* Sha_Todo_List.xcdatamodeld */; };
		DBA36AF026243C52003E3781 /* Assets.xcassets in Resources */ = {isa = PBXBuildFile; fileRef = DBA36AEF26243C52003E3781 /* Assets.xcassets */; };
		DBA36AF326243C52003E3781 /* LaunchScreen.storyboard in Resources */ = {isa = PBXBuildFile; fileRef = DBA36AF126243C52003E3781 /* LaunchScreen.storyboard */; };
		DBA36AFD26243E3F003E3781 /* TodoListTableViewController.swift in Sources */ = {isa = PBXBuildFile; fileRef = DBA36AFC26243E3F003E3781 /* TodoListTableViewController.swift */; };
/* End PBXBuildFile section */

/* Begin PBXFileReference section */
		DBA36AE026243C51003E3781 /* Sha Todo List.app */ = {isa = PBXFileReference; explicitFileType = wrapper.application; includeInIndex = 0; path = "Sha Todo List.app"; sourceTree = BUILT_PRODUCTS_DIR; };
		DBA36AE326243C51003E3781 /* AppDelegate.swift */ = {isa = PBXFileReference; lastKnownFileType = sourcecode.swift; path = AppDelegate.swift; sourceTree = "<group>"; };
		DBA36AE526243C51003E3781 /* SceneDelegate.swift */ = {isa = PBXFileReference; lastKnownFileType = sourcecode.swift; path = SceneDelegate.swift; sourceTree = "<group>"; };
		DBA36AEA26243C51003E3781 /* Base */ = {isa = PBXFileReference; lastKnownFileType = file.storyboard; name = Base; path = Base.lproj/Main.storyboard; sourceTree = "<group>"; };
		DBA36AED26243C51003E3781 /* Sha_Todo_List.xcdatamodel */ = {isa = PBXFileReference; lastKnownFileType = wrapper.xcdatamodel; path = Sha_Todo_List.xcdatamodel; sourceTree = "<group>"; };
		DBA36AEF26243C52003E3781 /* Assets.xcassets */ = {isa = PBXFileReference; lastKnownFileType = folder.assetcatalog; path = Assets.xcassets; sourceTree = "<group>"; };
		DBA36AF226243C52003E3781 /* Base */ = {isa = PBXFileReference; lastKnownFileType = file.storyboard; name = Base; path = Base.lproj/LaunchScreen.storyboard; sourceTree = "<group>"; };
		DBA36AF426243C52003E3781 /* Info.plist */ = {isa = PBXFileReference; lastKnownFileType = text.plist.xml; path = Info.plist; sourceTree = "<group>"; };
		DBA36AFC26243E3F003E3781 /* TodoListTableViewController.swift */ = {isa = PBXFileReference; lastKnownFileType = sourcecode.swift; path = TodoListTableViewController.swift; sourceTree = "<group>"; };
/* End PBXFileReference section */

/* Begin PBXFrameworksBuildPhase section */
		DBA36ADD26243C51003E3781 /* Frameworks */ = {
			isa = PBXFrameworksBuildPhase;
			buildActionMask = 2147483647;
			files = (
			);
			runOnlyForDeploymentPostprocessing = 0;
		};
/* End PBXFrameworksBuildPhase section */

/* Begin PBXGroup section */
		DBA36AD726243C51003E3781 = {
			isa = PBXGroup;
			children = (
				DBA36AE226243C51003E3781 /* Sha Todo List */,
				DBA36AE126243C51003E3781 /* Products */,
			);
			sourceTree = "<group>";
		};
		DBA36AE126243C51003E3781 /* Products */ = {
			isa = PBXGroup;
			children = (
				DBA36AE026243C51003E3781 /* Sha Todo List.app */,
			);
			name = Products;
			sourceTree = "<group>";
		};
		DBA36AE226243C51003E3781 /* Sha Todo List */ = {
			isa = PBXGroup;
			children = (
				DBA36AE326243C51003E3781 /* AppDelegate.swift */,
				DBA36AE526243C51003E3781 /* SceneDelegate.swift */,
				DBA36AE926243C51003E3781 /* Main.storyboard */,
				DBA36AFC26243E3F003E3781 /* TodoListTableViewController.swift */,
				DBA36AEF26243C52003E3781 /* Assets.xcassets */,
				DBA36AF126243C52003E3781 /* LaunchScreen.storyboard */,
				DBA36AF426243C52003E3781 /* Info.plist */,
				DBFCB8422626B1BE0081581B /* Data Model */,
			);
			path = "Sha Todo List";
			sourceTree = "<group>";
		};
		DBFCB8422626B1BE0081581B /* Data Model */ = {
			isa = PBXGroup;
			children = (
				DBA36AEC26243C51003E3781 /* Sha_Todo_List.xcdatamodeld */,
			);
			path = "Data Model";
			sourceTree = "<group>";
		};
/* End PBXGroup section */

/* Begin PBXNativeTarget section */
		DBA36ADF26243C51003E3781 /* Sha Todo List */ = {
			isa = PBXNativeTarget;
			buildConfigurationList = DBA36AF726243C52003E3781 /* Build configuration list for PBXNativeTarget "Sha Todo List" */;
			buildPhases = (
				DBA36ADC26243C51003E3781 /* Sources */,
				DBA36ADD26243C51003E3781 /* Frameworks */,
				DBA36ADE26243C51003E3781 /* Resources */,
			);
			buildRules = (
			);
			dependencies = (
			);
			name = "Sha Todo List";
			productName = "Sha Todo List";
			productReference = DBA36AE026243C51003E3781 /* Sha Todo List.app */;
			productType = "com.apple.product-type.application";
		};
/* End PBXNativeTarget section */

/* Begin PBXProject section */
		DBA36AD826243C51003E3781 /* Project object */ = {
			isa = PBXProject;
			attributes = {
				LastSwiftUpdateCheck = 1240;
				LastUpgradeCheck = 1240;
				TargetAttributes = {
					DBA36ADF26243C51003E3781 = {
						CreatedOnToolsVersion = 12.4;
					};
				};
			};
			buildConfigurationList = DBA36ADB26243C51003E3781 /* Build configuration list for PBXProject "Sha Todo List" */;
			compatibilityVersion = "Xcode 9.3";
			developmentRegion = en;
			hasScannedForEncodings = 0;
			knownRegions = (
				en,
				Base,
			);
			mainGroup = DBA36AD726243C51003E3781;
			productRefGroup = DBA36AE126243C51003E3781 /* Products */;
			projectDirPath = "";
			projectRoot = "";
			targets = (
				DBA36ADF26243C51003E3781 /* Sha Todo List */,
			);
		};
/* End PBXProject section */

/* Begin PBXResourcesBuildPhase section */
		DBA36ADE26243C51003E3781 /* Resources */ = {
			isa = PBXResourcesBuildPhase;
			buildActionMask = 2147483647;
			files = (
				DBA36AF326243C52003E3781 /* LaunchScreen.storyboard in Resources */,
				DBA36AF026243C52003E3781 /* Assets.xcassets in Resources */,
				DBA36AEB26243C51003E3781 /* Main.storyboard in Resources */,
			);
			runOnlyForDeploymentPostprocessing = 0;
		};
/* End PBXResourcesBuildPhase section */

/* Begin PBXSourcesBuildPhase section */
		DBA36ADC26243C51003E3781 /* Sources */ = {
			isa = PBXSourcesBuildPhase;
			buildActionMask = 2147483647;
			files = (
				DBA36AE426243C51003E3781 /* AppDelegate.swift in Sources */,
				DBA36AEE26243C51003E3781 /* Sha_Todo_List.xcdatamodeld in Sources */,
				DBA36AE626243C51003E3781 /* SceneDelegate.swift in Sources */,
				DBA36AFD26243E3F003E3781 /* TodoListTableViewController.swift in Sources */,
			);
			runOnlyForDeploymentPostprocessing = 0;
		};
/* End PBXSourcesBuildPhase section */

/* Begin PBXVariantGroup section */
		DBA36AE926243C51003E3781 /* Main.storyboard */ = {
			isa = PBXVariantGroup;
			children = (
				DBA36AEA26243C51003E3781 /* Base */,
			);
			name = Main.storyboard;
			sourceTree = "<group>";
		};
		DBA36AF126243C52003E3781 /* LaunchScreen.storyboard */ = {
			isa = PBXVariantGroup;
			children = (
				DBA36AF226243C52003E3781 /* Base */,
			);
			name = LaunchScreen.storyboard;
			sourceTree = "<group>";
		};
/* End PBXVariantGroup section */

/* Begin XCBuildConfiguration section */
		DBA36AF526243C52003E3781 /* Debug */ = {
			isa = XCBuildConfiguration;
			buildSettings = {
				ALWAYS_SEARCH_USER_PATHS = NO;
				CLANG_ANALYZER_NONNULL = YES;
				CLANG_ANALYZER_NUMBER_OBJECT_CONVERSION = YES_AGGRESSIVE;
				CLANG_CXX_LANGUAGE_STANDARD = "gnu++14";
				CLANG_CXX_LIBRARY = "libc++";
				CLANG_ENABLE_MODULES = YES;
				CLANG_ENABLE_OBJC_ARC = YES;
				CLANG_ENABLE_OBJC_WEAK = YES;
				CLANG_WARN_BLOCK_CAPTURE_AUTORELEASING = YES;
				CLANG_WARN_BOOL_CONVERSION = YES;
				CLANG_WARN_COMMA = YES;
				CLANG_WARN_CONSTANT_CONVERSION = YES;
				CLANG_WARN_DEPRECATED_OBJC_IMPLEMENTATIONS = YES;
				CLANG_WARN_DIRECT_OBJC_ISA_USAGE = YES_ERROR;
				CLANG_WARN_DOCUMENTATION_COMMENTS = YES;
				CLANG_WARN_EMPTY_BODY = YES;
				CLANG_WARN_ENUM_CONVERSION = YES;
				CLANG_WARN_INFINITE_RECURSION = YES;
				CLANG_WARN_INT_CONVERSION = YES;
				CLANG_WARN_NON_LITERAL_NULL_CONVERSION = YES;
				CLANG_WARN_OBJC_IMPLICIT_RETAIN_SELF = YES;
				CLANG_WARN_OBJC_LITERAL_CONVERSION = YES;
				CLANG_WARN_OBJC_ROOT_CLASS = YES_ERROR;
				CLANG_WARN_QUOTED_INCLUDE_IN_FRAMEWORK_HEADER = YES;
				CLANG_WARN_RANGE_LOOP_ANALYSIS = YES;
				CLANG_WARN_STRICT_PROTOTYPES = YES;
				CLANG_WARN_SUSPICIOUS_MOVE = YES;
				CLANG_WARN_UNGUARDED_AVAILABILITY = YES_AGGRESSIVE;
				CLANG_WARN_UNREACHABLE_CODE = YES;
				CLANG_WARN__DUPLICATE_METHOD_MATCH = YES;
				COPY_PHASE_STRIP = NO;
				DEBUG_INFORMATION_FORMAT = dwarf;
				ENABLE_STRICT_OBJC_MSGSEND = YES;
				ENABLE_TESTABILITY = YES;
				GCC_C_LANGUAGE_STANDARD = gnu11;
				GCC_DYNAMIC_NO_PIC = NO;
				GCC_NO_COMMON_BLOCKS = YES;
				GCC_OPTIMIZATION_LEVEL = 0;
				GCC_PREPROCESSOR_DEFINITIONS = (
					"DEBUG=1",
					"$(inherited)",
				);
				GCC_WARN_64_TO_32_BIT_CONVERSION = YES;
				GCC_WARN_ABOUT_RETURN_TYPE = YES_ERROR;
				GCC_WARN_UNDECLARED_SELECTOR = YES;
				GCC_WARN_UNINITIALIZED_AUTOS = YES_AGGRESSIVE;
				GCC_WARN_UNUSED_FUNCTION = YES;
				GCC_WARN_UNUSED_VARIABLE = YES;
				IPHONEOS_DEPLOYMENT_TARGET = 14.4;
				MTL_ENABLE_DEBUG_INFO = INCLUDE_SOURCE;
				MTL_FAST_MATH = YES;
				ONLY_ACTIVE_ARCH = YES;
				SDKROOT = iphoneos;
				SWIFT_ACTIVE_COMPILATION_CONDITIONS = DEBUG;
				SWIFT_OPTIMIZATION_LEVEL = "-Onone";
			};
			name = Debug;
		};
		DBA36AF626243C52003E3781 /* Release */ = {
			isa = XCBuildConfiguration;
			buildSettings = {
				ALWAYS_SEARCH_USER_PATHS = NO;
				CLANG_ANALYZER_NONNULL = YES;
				CLANG_ANALYZER_NUMBER_OBJECT_CONVERSION = YES_AGGRESSIVE;
				CLANG_CXX_LANGUAGE_STANDARD = "gnu++14";
				CLANG_CXX_LIBRARY = "libc++";
				CLANG_ENABLE_MODULES = YES;
				CLANG_ENABLE_OBJC_ARC = YES;
				CLANG_ENABLE_OBJC_WEAK = YES;
				CLANG_WARN_BLOCK_CAPTURE_AUTORELEASING = YES;
				CLANG_WARN_BOOL_CONVERSION = YES;
				CLANG_WARN_COMMA = YES;
				CLANG_WARN_CONSTANT_CONVERSION = YES;
				CLANG_WARN_DEPRECATED_OBJC_IMPLEMENTATIONS = YES;
				CLANG_WARN_DIRECT_OBJC_ISA_USAGE = YES_ERROR;
				CLANG_WARN_DOCUMENTATION_COMMENTS = YES;
				CLANG_WARN_EMPTY_BODY = YES;
				CLANG_WARN_ENUM_CONVERSION = YES;
				CLANG_WARN_INFINITE_RECURSION = YES;
				CLANG_WARN_INT_CONVERSION = YES;
				CLANG_WARN_NON_LITERAL_NULL_CONVERSION = YES;
				CLANG_WARN_OBJC_IMPLICIT_RETAIN_SELF = YES;
				CLANG_WARN_OBJC_LITERAL_CONVERSION = YES;
				CLANG_WARN_OBJC_ROOT_CLASS = YES_ERROR;
				CLANG_WARN_QUOTED_INCLUDE_IN_FRAMEWORK_HEADER = YES;
				CLANG_WARN_RANGE_LOOP_ANALYSIS = YES;
				CLANG_WARN_STRICT_PROTOTYPES = YES;
				CLANG_WARN_SUSPICIOUS_MOVE = YES;
				CLANG_WARN_UNGUARDED_AVAILABILITY = YES_AGGRESSIVE;
				CLANG_WARN_UNREACHABLE_CODE = YES;
				CLANG_WARN__DUPLICATE_METHOD_MATCH = YES;
				COPY_PHASE_STRIP = NO;
				DEBUG_INFORMATION_FORMAT = "dwarf-with-dsym";
				ENABLE_NS_ASSERTIONS = NO;
				ENABLE_STRICT_OBJC_MSGSEND = YES;
				GCC_C_LANGUAGE_STANDARD = gnu11;
				GCC_NO_COMMON_BLOCKS = YES;
				GCC_WARN_64_TO_32_BIT_CONVERSION = YES;
				GCC_WARN_ABOUT_RETURN_TYPE = YES_ERROR;
				GCC_WARN_UNDECLARED_SELECTOR = YES;
				GCC_WARN_UNINITIALIZED_AUTOS = YES_AGGRESSIVE;
				GCC_WARN_UNUSED_FUNCTION = YES;
				GCC_WARN_UNUSED_VARIABLE = YES;
				IPHONEOS_DEPLOYMENT_TARGET = 14.4;
				MTL_ENABLE_DEBUG_INFO = NO;
				MTL_FAST_MATH = YES;
				SDKROOT = iphoneos;
				SWIFT_COMPILATION_MODE = wholemodule;
				SWIFT_OPTIMIZATION_LEVEL = "-O";
				VALIDATE_PRODUCT = YES;
			};
			name = Release;
		};
		DBA36AF826243C52003E3781 /* Debug */ = {
			isa = XCBuildConfiguration;
			buildSettings = {
				ASSETCATALOG_COMPILER_APPICON_NAME = AppIcon;
				ASSETCATALOG_COMPILER_GLOBAL_ACCENT_COLOR_NAME = AccentColor;
				CODE_SIGN_STYLE = Automatic;
				DEVELOPMENT_TEAM = 4RY75X5YM8;
				INFOPLIST_FILE = "Sha Todo List/Info.plist";
				LD_RUNPATH_SEARCH_PATHS = (
					"$(inherited)",
					"@executable_path/Frameworks",
				);
				PRODUCT_BUNDLE_IDENTIFIER = "co.akchan.Sha-Todo-List";
				PRODUCT_NAME = "$(TARGET_NAME)";
				SWIFT_VERSION = 5.0;
				TARGETED_DEVICE_FAMILY = "1,2";
			};
			name = Debug;
		};
		DBA36AF926243C52003E3781 /* Release */ = {
			isa = XCBuildConfiguration;
			buildSettings = {
				ASSETCATALOG_COMPILER_APPICON_NAME = AppIcon;
				ASSETCATALOG_COMPILER_GLOBAL_ACCENT_COLOR_NAME = AccentColor;
				CODE_SIGN_STYLE = Automatic;
				DEVELOPMENT_TEAM = 4RY75X5YM8;
				INFOPLIST_FILE = "Sha Todo List/Info.plist";
				LD_RUNPATH_SEARCH_PATHS = (
					"$(inherited)",
					"@executable_path/Frameworks",
				);
				PRODUCT_BUNDLE_IDENTIFIER = "co.akchan.Sha-Todo-List";
				PRODUCT_NAME = "$(TARGET_NAME)";
				SWIFT_VERSION = 5.0;
				TARGETED_DEVICE_FAMILY = "1,2";
			};
			name = Release;
		};
/* End XCBuildConfiguration section */

/* Begin XCConfigurationList section */
		DBA36ADB26243C51003E3781 /* Build configuration list for PBXProject "Sha Todo List" */ = {
			isa = XCConfigurationList;
			buildConfigurations = (
				DBA36AF526243C52003E3781 /* Debug */,
				DBA36AF626243C52003E3781 /* Release */,
			);
			defaultConfigurationIsVisible = 0;
			defaultConfigurationName = Release;
		};
		DBA36AF726243C52003E3781 /* Build configuration list for PBXNativeTarget "Sha Todo List" */ = {
			isa = XCConfigurationList;
			buildConfigurations = (
				DBA36AF826243C52003E3781 /* Debug */,
				DBA36AF926243C52003E3781 /* Release */,
			);
			defaultConfigurationIsVisible = 0;
			defaultConfigurationName = Release;
		};
/* End XCConfigurationList section */

/* Begin XCVersionGroup section */
		DBA36AEC26243C51003E3781 /* Sha_Todo_List.xcdatamodeld */ = {
			isa = XCVersionGroup;
			children = (
				DBA36AED26243C51003E3781 /* Sha_Todo_List.xcdatamodel */,
			);
			currentVersion = DBA36AED26243C51003E3781 /* Sha_Todo_List.xcdatamodel */;
			path = Sha_Todo_List.xcdatamodeld;
			sourceTree = "<group>";
			versionGroupType = wrapper.xcdatamodel;
		};
/* End XCVersionGroup section */
	};
	rootObject = DBA36AD826243C51003E3781 /* Project object */;
}
