// !$*UTF8*$!
{
	archiveVersion = 1;
	classes = {
	};
	objectVersion = 50;
	objects = {

/* Begin PBXBuildFile section */
		DB0828C325FA1DA500B4DD7B /* AppDelegate.swift in Sources */ = {isa = PBXBuildFile; fileRef = DB0828C225FA1DA500B4DD7B /* AppDelegate.swift */; };
		DB0828C525FA1DA500B4DD7B /* SceneDelegate.swift in Sources */ = {isa = PBXBuildFile; fileRef = DB0828C425FA1DA500B4DD7B /* SceneDelegate.swift */; };
		DB0828C725FA1DA500B4DD7B /* ViewController.swift in Sources */ = {isa = PBXBuildFile; fileRef = DB0828C625FA1DA500B4DD7B /* ViewController.swift */; };
		DB0828CA25FA1DA500B4DD7B /* Main.storyboard in Resources */ = {isa = PBXBuildFile; fileRef = DB0828C825FA1DA500B4DD7B /* Main.storyboard */; };
		DB0828CC25FA1DA600B4DD7B /* Assets.xcassets in Resources */ = {isa = PBXBuildFile; fileRef = DB0828CB25FA1DA600B4DD7B /* Assets.xcassets */; };
		DB0828CF25FA1DA600B4DD7B /* LaunchScreen.storyboard in Resources */ = {isa = PBXBuildFile; fileRef = DB0828CD25FA1DA600B4DD7B /* LaunchScreen.storyboard */; };
/* End PBXBuildFile section */

/* Begin PBXFileReference section */
		DB0828BF25FA1DA500B4DD7B /* Dicee-iOS.app */ = {isa = PBXFileReference; explicitFileType = wrapper.application; includeInIndex = 0; path = "Dicee-iOS.app"; sourceTree = BUILT_PRODUCTS_DIR; };
		DB0828C225FA1DA500B4DD7B /* AppDelegate.swift */ = {isa = PBXFileReference; lastKnownFileType = sourcecode.swift; path = AppDelegate.swift; sourceTree = "<group>"; };
		DB0828C425FA1DA500B4DD7B /* SceneDelegate.swift */ = {isa = PBXFileReference; lastKnownFileType = sourcecode.swift; path = SceneDelegate.swift; sourceTree = "<group>"; };
		DB0828C625FA1DA500B4DD7B /* ViewController.swift */ = {isa = PBXFileReference; lastKnownFileType = sourcecode.swift; path = ViewController.swift; sourceTree = "<group>"; };
		DB0828C925FA1DA500B4DD7B /* Base */ = {isa = PBXFileReference; lastKnownFileType = file.storyboard; name = Base; path = Base.lproj/Main.storyboard; sourceTree = "<group>"; };
		DB0828CB25FA1DA600B4DD7B /* Assets.xcassets */ = {isa = PBXFileReference; lastKnownFileType = folder.assetcatalog; path = Assets.xcassets; sourceTree = "<group>"; };
		DB0828CE25FA1DA600B4DD7B /* Base */ = {isa = PBXFileReference; lastKnownFileType = file.storyboard; name = Base; path = Base.lproj/LaunchScreen.storyboard; sourceTree = "<group>"; };
		DB0828D025FA1DA600B4DD7B /* Info.plist */ = {isa = PBXFileReference; lastKnownFileType = text.plist.xml; path = Info.plist; sourceTree = "<group>"; };
/* End PBXFileReference section */

/* Begin PBXFrameworksBuildPhase section */
		DB0828BC25FA1DA500B4DD7B /* Frameworks */ = {
			isa = PBXFrameworksBuildPhase;
			buildActionMask = 2147483647;
			files = (
			);
			runOnlyForDeploymentPostprocessing = 0;
		};
/* End PBXFrameworksBuildPhase section */

/* Begin PBXGroup section */
		DB0828B625FA1DA400B4DD7B = {
			isa = PBXGroup;
			children = (
				DB0828C125FA1DA500B4DD7B /* Dicee-iOS */,
				DB0828C025FA1DA500B4DD7B /* Products */,
			);
			sourceTree = "<group>";
		};
		DB0828C025FA1DA500B4DD7B /* Products */ = {
			isa = PBXGroup;
			children = (
				DB0828BF25FA1DA500B4DD7B /* Dicee-iOS.app */,
			);
			name = Products;
			sourceTree = "<group>";
		};
		DB0828C125FA1DA500B4DD7B /* Dicee-iOS */ = {
			isa = PBXGroup;
			children = (
				DB0828C225FA1DA500B4DD7B /* AppDelegate.swift */,
				DB0828C425FA1DA500B4DD7B /* SceneDelegate.swift */,
				DB0828C625FA1DA500B4DD7B /* ViewController.swift */,
				DB0828C825FA1DA500B4DD7B /* Main.storyboard */,
				DB0828CB25FA1DA600B4DD7B /* Assets.xcassets */,
				DB0828CD25FA1DA600B4DD7B /* LaunchScreen.storyboard */,
				DB0828D025FA1DA600B4DD7B /* Info.plist */,
			);
			path = "Dicee-iOS";
			sourceTree = "<group>";
		};
/* End PBXGroup section */

/* Begin PBXNativeTarget section */
		DB0828BE25FA1DA500B4DD7B /* Dicee-iOS */ = {
			isa = PBXNativeTarget;
			buildConfigurationList = DB0828D325FA1DA600B4DD7B /* Build configuration list for PBXNativeTarget "Dicee-iOS" */;
			buildPhases = (
				DB0828BB25FA1DA500B4DD7B /* Sources */,
				DB0828BC25FA1DA500B4DD7B /* Frameworks */,
				DB0828BD25FA1DA500B4DD7B /* Resources */,
			);
			buildRules = (
			);
			dependencies = (
			);
			name = "Dicee-iOS";
			productName = "Dicee-iOS";
			productReference = DB0828BF25FA1DA500B4DD7B /* Dicee-iOS.app */;
			productType = "com.apple.product-type.application";
		};
/* End PBXNativeTarget section */

/* Begin PBXProject section */
		DB0828B725FA1DA400B4DD7B /* Project object */ = {
			isa = PBXProject;
			attributes = {
				LastSwiftUpdateCheck = 1240;
				LastUpgradeCheck = 1240;
				TargetAttributes = {
					DB0828BE25FA1DA500B4DD7B = {
						CreatedOnToolsVersion = 12.4;
					};
				};
			};
			buildConfigurationList = DB0828BA25FA1DA400B4DD7B /* Build configuration list for PBXProject "Dicee-iOS" */;
			compatibilityVersion = "Xcode 9.3";
			developmentRegion = en;
			hasScannedForEncodings = 0;
			knownRegions = (
				en,
				Base,
			);
			mainGroup = DB0828B625FA1DA400B4DD7B;
			productRefGroup = DB0828C025FA1DA500B4DD7B /* Products */;
			projectDirPath = "";
			projectRoot = "";
			targets = (
				DB0828BE25FA1DA500B4DD7B /* Dicee-iOS */,
			);
		};
/* End PBXProject section */

/* Begin PBXResourcesBuildPhase section */
		DB0828BD25FA1DA500B4DD7B /* Resources */ = {
			isa = PBXResourcesBuildPhase;
			buildActionMask = 2147483647;
			files = (
				DB0828CF25FA1DA600B4DD7B /* LaunchScreen.storyboard in Resources */,
				DB0828CC25FA1DA600B4DD7B /* Assets.xcassets in Resources */,
				DB0828CA25FA1DA500B4DD7B /* Main.storyboard in Resources */,
			);
			runOnlyForDeploymentPostprocessing = 0;
		};
/* End PBXResourcesBuildPhase section */

/* Begin PBXSourcesBuildPhase section */
		DB0828BB25FA1DA500B4DD7B /* Sources */ = {
			isa = PBXSourcesBuildPhase;
			buildActionMask = 2147483647;
			files = (
				DB0828C725FA1DA500B4DD7B /* ViewController.swift in Sources */,
				DB0828C325FA1DA500B4DD7B /* AppDelegate.swift in Sources */,
				DB0828C525FA1DA500B4DD7B /* SceneDelegate.swift in Sources */,
			);
			runOnlyForDeploymentPostprocessing = 0;
		};
/* End PBXSourcesBuildPhase section */

/* Begin PBXVariantGroup section */
		DB0828C825FA1DA500B4DD7B /* Main.storyboard */ = {
			isa = PBXVariantGroup;
			children = (
				DB0828C925FA1DA500B4DD7B /* Base */,
			);
			name = Main.storyboard;
			sourceTree = "<group>";
		};
		DB0828CD25FA1DA600B4DD7B /* LaunchScreen.storyboard */ = {
			isa = PBXVariantGroup;
			children = (
				DB0828CE25FA1DA600B4DD7B /* Base */,
			);
			name = LaunchScreen.storyboard;
			sourceTree = "<group>";
		};
/* End PBXVariantGroup section */

/* Begin XCBuildConfiguration section */
		DB0828D125FA1DA600B4DD7B /* Debug */ = {
			isa = XCBuildConfiguration;
			buildSettings = {
				ALWAYS_SEARCH_USER_PATHS = NO;
				CLANG_ANALYZER_NONNULL = YES;
				CLANG_ANALYZER_NUMBER_OBJECT_CONVERSION = YES_AGGRESSIVE;
				CLANG_CXX_LANGUAGE_STANDARD = "gnu++14";
				CLANG_CXX_LIBRARY = "libc++";
				CLANG_ENABLE_MODULES = YES;
				CLANG_ENABLE_OBJC_ARC = YES;
				CLANG_ENABLE_OBJC_WEAK = YES;
				CLANG_WARN_BLOCK_CAPTURE_AUTORELEASING = YES;
				CLANG_WARN_BOOL_CONVERSION = YES;
				CLANG_WARN_COMMA = YES;
				CLANG_WARN_CONSTANT_CONVERSION = YES;
				CLANG_WARN_DEPRECATED_OBJC_IMPLEMENTATIONS = YES;
				CLANG_WARN_DIRECT_OBJC_ISA_USAGE = YES_ERROR;
				CLANG_WARN_DOCUMENTATION_COMMENTS = YES;
				CLANG_WARN_EMPTY_BODY = YES;
				CLANG_WARN_ENUM_CONVERSION = YES;
				CLANG_WARN_INFINITE_RECURSION = YES;
				CLANG_WARN_INT_CONVERSION = YES;
				CLANG_WARN_NON_LITERAL_NULL_CONVERSION = YES;
				CLANG_WARN_OBJC_IMPLICIT_RETAIN_SELF = YES;
				CLANG_WARN_OBJC_LITERAL_CONVERSION = YES;
				CLANG_WARN_OBJC_ROOT_CLASS = YES_ERROR;
				CLANG_WARN_QUOTED_INCLUDE_IN_FRAMEWORK_HEADER = YES;
				CLANG_WARN_RANGE_LOOP_ANALYSIS = YES;
				CLANG_WARN_STRICT_PROTOTYPES = YES;
				CLANG_WARN_SUSPICIOUS_MOVE = YES;
				CLANG_WARN_UNGUARDED_AVAILABILITY = YES_AGGRESSIVE;
				CLANG_WARN_UNREACHABLE_CODE = YES;
				CLANG_WARN__DUPLICATE_METHOD_MATCH = YES;
				COPY_PHASE_STRIP = NO;
				DEBUG_INFORMATION_FORMAT = dwarf;
				ENABLE_STRICT_OBJC_MSGSEND = YES;
				ENABLE_TESTABILITY = YES;
				GCC_C_LANGUAGE_STANDARD = gnu11;
				GCC_DYNAMIC_NO_PIC = NO;
				GCC_NO_COMMON_BLOCKS = YES;
				GCC_OPTIMIZATION_LEVEL = 0;
				GCC_PREPROCESSOR_DEFINITIONS = (
					"DEBUG=1",
					"$(inherited)",
				);
				GCC_WARN_64_TO_32_BIT_CONVERSION = YES;
				GCC_WARN_ABOUT_RETURN_TYPE = YES_ERROR;
				GCC_WARN_UNDECLARED_SELECTOR = YES;
				GCC_WARN_UNINITIALIZED_AUTOS = YES_AGGRESSIVE;
				GCC_WARN_UNUSED_FUNCTION = YES;
				GCC_WARN_UNUSED_VARIABLE = YES;
				IPHONEOS_DEPLOYMENT_TARGET = 14.4;
				MTL_ENABLE_DEBUG_INFO = INCLUDE_SOURCE;
				MTL_FAST_MATH = YES;
				ONLY_ACTIVE_ARCH = YES;
				SDKROOT = iphoneos;
				SWIFT_ACTIVE_COMPILATION_CONDITIONS = DEBUG;
				SWIFT_OPTIMIZATION_LEVEL = "-Onone";
			};
			name = Debug;
		};
		DB0828D225FA1DA600B4DD7B /* Release */ = {
			isa = XCBuildConfiguration;
			buildSettings = {
				ALWAYS_SEARCH_USER_PATHS = NO;
				CLANG_ANALYZER_NONNULL = YES;
				CLANG_ANALYZER_NUMBER_OBJECT_CONVERSION = YES_AGGRESSIVE;
				CLANG_CXX_LANGUAGE_STANDARD = "gnu++14";
				CLANG_CXX_LIBRARY = "libc++";
				CLANG_ENABLE_MODULES = YES;
				CLANG_ENABLE_OBJC_ARC = YES;
				CLANG_ENABLE_OBJC_WEAK = YES;
				CLANG_WARN_BLOCK_CAPTURE_AUTORELEASING = YES;
				CLANG_WARN_BOOL_CONVERSION = YES;
				CLANG_WARN_COMMA = YES;
				CLANG_WARN_CONSTANT_CONVERSION = YES;
				CLANG_WARN_DEPRECATED_OBJC_IMPLEMENTATIONS = YES;
				CLANG_WARN_DIRECT_OBJC_ISA_USAGE = YES_ERROR;
				CLANG_WARN_DOCUMENTATION_COMMENTS = YES;
				CLANG_WARN_EMPTY_BODY = YES;
				CLANG_WARN_ENUM_CONVERSION = YES;
				CLANG_WARN_INFINITE_RECURSION = YES;
				CLANG_WARN_INT_CONVERSION = YES;
				CLANG_WARN_NON_LITERAL_NULL_CONVERSION = YES;
				CLANG_WARN_OBJC_IMPLICIT_RETAIN_SELF = YES;
				CLANG_WARN_OBJC_LITERAL_CONVERSION = YES;
				CLANG_WARN_OBJC_ROOT_CLASS = YES_ERROR;
				CLANG_WARN_QUOTED_INCLUDE_IN_FRAMEWORK_HEADER = YES;
				CLANG_WARN_RANGE_LOOP_ANALYSIS = YES;
				CLANG_WARN_STRICT_PROTOTYPES = YES;
				CLANG_WARN_SUSPICIOUS_MOVE = YES;
				CLANG_WARN_UNGUARDED_AVAILABILITY = YES_AGGRESSIVE;
				CLANG_WARN_UNREACHABLE_CODE = YES;
				CLANG_WARN__DUPLICATE_METHOD_MATCH = YES;
				COPY_PHASE_STRIP = NO;
				DEBUG_INFORMATION_FORMAT = "dwarf-with-dsym";
				ENABLE_NS_ASSERTIONS = NO;
				ENABLE_STRICT_OBJC_MSGSEND = YES;
				GCC_C_LANGUAGE_STANDARD = gnu11;
				GCC_NO_COMMON_BLOCKS = YES;
				GCC_WARN_64_TO_32_BIT_CONVERSION = YES;
				GCC_WARN_ABOUT_RETURN_TYPE = YES_ERROR;
				GCC_WARN_UNDECLARED_SELECTOR = YES;
				GCC_WARN_UNINITIALIZED_AUTOS = YES_AGGRESSIVE;
				GCC_WARN_UNUSED_FUNCTION = YES;
				GCC_WARN_UNUSED_VARIABLE = YES;
				IPHONEOS_DEPLOYMENT_TARGET = 14.4;
				MTL_ENABLE_DEBUG_INFO = NO;
				MTL_FAST_MATH = YES;
				SDKROOT = iphoneos;
				SWIFT_COMPILATION_MODE = wholemodule;
				SWIFT_OPTIMIZATION_LEVEL = "-O";
				VALIDATE_PRODUCT = YES;
			};
			name = Release;
		};
		DB0828D425FA1DA600B4DD7B /* Debug */ = {
			isa = XCBuildConfiguration;
			buildSettings = {
				ASSETCATALOG_COMPILER_APPICON_NAME = AppIcon;
				ASSETCATALOG_COMPILER_GLOBAL_ACCENT_COLOR_NAME = AccentColor;
				CODE_SIGN_STYLE = Automatic;
				INFOPLIST_FILE = "Dicee-iOS/Info.plist";
				LD_RUNPATH_SEARCH_PATHS = (
					"$(inherited)",
					"@executable_path/Frameworks",
				);
				PRODUCT_BUNDLE_IDENTIFIER = "co.akchan.Dicee-iOS";
				PRODUCT_NAME = "$(TARGET_NAME)";
				SWIFT_VERSION = 5.0;
				TARGETED_DEVICE_FAMILY = "1,2";
			};
			name = Debug;
		};
		DB0828D525FA1DA600B4DD7B /* Release */ = {
			isa = XCBuildConfiguration;
			buildSettings = {
				ASSETCATALOG_COMPILER_APPICON_NAME = AppIcon;
				ASSETCATALOG_COMPILER_GLOBAL_ACCENT_COLOR_NAME = AccentColor;
				CODE_SIGN_STYLE = Automatic;
				INFOPLIST_FILE = "Dicee-iOS/Info.plist";
				LD_RUNPATH_SEARCH_PATHS = (
					"$(inherited)",
					"@executable_path/Frameworks",
				);
				PRODUCT_BUNDLE_IDENTIFIER = "co.akchan.Dicee-iOS";
				PRODUCT_NAME = "$(TARGET_NAME)";
				SWIFT_VERSION = 5.0;
				TARGETED_DEVICE_FAMILY = "1,2";
			};
			name = Release;
		};
/* End XCBuildConfiguration section */

/* Begin XCConfigurationList section */
		DB0828BA25FA1DA400B4DD7B /* Build configuration list for PBXProject "Dicee-iOS" */ = {
			isa = XCConfigurationList;
			buildConfigurations = (
				DB0828D125FA1DA600B4DD7B /* Debug */,
				DB0828D225FA1DA600B4DD7B /* Release */,
			);
			defaultConfigurationIsVisible = 0;
			defaultConfigurationName = Release;
		};
		DB0828D325FA1DA600B4DD7B /* Build configuration list for PBXNativeTarget "Dicee-iOS" */ = {
			isa = XCConfigurationList;
			buildConfigurations = (
				DB0828D425FA1DA600B4DD7B /* Debug */,
				DB0828D525FA1DA600B4DD7B /* Release */,
			);
			defaultConfigurationIsVisible = 0;
			defaultConfigurationName = Release;
		};
/* End XCConfigurationList section */
	};
	rootObject = DB0828B725FA1DA400B4DD7B /* Project object */;
}
